
Microsoft Visual Studio Solution File, Format Version 12.00
# Visual Studio 2013
VisualStudioVersion = 12.0.21005.1
MinimumVisualStudioVersion = 10.0.40219.1
Project("{FAE04EC0-301F-11D3-BF4B-00C04F79EFBC}") = "MapViewer", "MapViewer\MapViewer.csproj", "{7235B085-3CEB-4FFF-862D-4CA85A5F3AE3}"
EndProject
Project("{FAE04EC0-301F-11D3-BF4B-00C04F79EFBC}") = "OpenGLView", "OpenGLView\OpenGLView.csproj", "{F9EDE56B-BCEF-4ADC-9FC3-EEB9B7EB1C61}"
EndProject
Project("{FAE04EC0-301F-11D3-BF4B-00C04F79EFBC}") = "OpenGL", "OpenGL\OpenGL.csproj", "{0AE8FBC2-6912-4DC5-A412-30377203EC4F}"
EndProject
Global
	GlobalSection(SolutionConfigurationPlatforms) = preSolution
		Debug|Any CPU = Debug|Any CPU
		Debug|x86 = Debug|x86
		Release|Any CPU = Release|Any CPU
		Release|x86 = Release|x86
	EndGlobalSection
	GlobalSection(ProjectConfigurationPlatforms) = postSolution
		{7235B085-3CEB-4FFF-862D-4CA85A5F3AE3}.Debug|Any CPU.ActiveCfg = Debug|x86
		{7235B085-3CEB-4FFF-862D-4CA85A5F3AE3}.Debug|Any CPU.Build.0 = Debug|x86
		{7235B085-3CEB-4FFF-862D-4CA85A5F3AE3}.Debug|x86.ActiveCfg = Debug|x86
		{7235B085-3CEB-4FFF-862D-4CA85A5F3AE3}.Debug|x86.Build.0 = Debug|x86
		{7235B085-3CEB-4FFF-862D-4CA85A5F3AE3}.Release|Any CPU.ActiveCfg = Release|Any CPU
		{7235B085-3CEB-4FFF-862D-4CA85A5F3AE3}.Release|Any CPU.Build.0 = Release|Any CPU
		{7235B085-3CEB-4FFF-862D-4CA85A5F3AE3}.Release|x86.ActiveCfg = Release|x86
		{7235B085-3CEB-4FFF-862D-4CA85A5F3AE3}.Release|x86.Build.0 = Release|x86
		{F9EDE56B-BCEF-4ADC-9FC3-EEB9B7EB1C61}.Debug|Any CPU.ActiveCfg = Debug|Any CPU
		{F9EDE56B-BCEF-4ADC-9FC3-EEB9B7EB1C61}.Debug|Any CPU.Build.0 = Debug|Any CPU
		{F9EDE56B-BCEF-4ADC-9FC3-EEB9B7EB1C61}.Debug|x86.ActiveCfg = Debug|Any CPU
		{F9EDE56B-BCEF-4ADC-9FC3-EEB9B7EB1C61}.Release|Any CPU.ActiveCfg = Release|Any CPU
		{F9EDE56B-BCEF-4ADC-9FC3-EEB9B7EB1C61}.Release|Any CPU.Build.0 = Release|Any CPU
		{F9EDE56B-BCEF-4ADC-9FC3-EEB9B7EB1C61}.Release|x86.ActiveCfg = Release|Any CPU
		{0AE8FBC2-6912-4DC5-A412-30377203EC4F}.Debug|Any CPU.ActiveCfg = Debug|Any CPU
		{0AE8FBC2-6912-4DC5-A412-30377203EC4F}.Debug|Any CPU.Build.0 = Debug|Any CPU
		{0AE8FBC2-6912-4DC5-A412-30377203EC4F}.Debug|x86.ActiveCfg = Debug|Any CPU
		{0AE8FBC2-6912-4DC5-A412-30377203EC4F}.Release|Any CPU.ActiveCfg = Release|Any CPU
		{0AE8FBC2-6912-4DC5-A412-30377203EC4F}.Release|Any CPU.Build.0 = Release|Any CPU
		{0AE8FBC2-6912-4DC5-A412-30377203EC4F}.Release|x86.ActiveCfg = Release|Any CPU
	EndGlobalSection
	GlobalSection(SolutionProperties) = preSolution
		HideSolutionNode = FALSE
	EndGlobalSection
EndGlobal
